github.com/ethanent/protostream v0.0.0-20200130054532-3806a4ff7bad h1:Mg/KuJzir5ST7VYuoYjp5SuxhrLOAqwC4ez4w0Pme9c=
github.com/ethanent/protostream v0.0.0-20200130054532-3806a4ff7bad/go.mod h1:JhFZXhws7cFB15hNiW1fBUvk/NMF5rLH8T2IYi9WX1o=
github.com/golang/protobuf v1.3.2 h1:6nsPYzhq5kReh6QImI3k5qWzO4PEbvbIW2cwSfR/6xs=
github.com/golang/protobuf v1.3.2/go.mod h1:6lQm79b+lXiMfvg/cZm0SGofjICqVBUtrP5yJMmIC1U=
